lockfileVersion: '9.0'

settings:
  autoInstallPeers: true
  excludeLinksFromLockfile: false

importers:

  .:
    dependencies:
      ffmpeg:
        specifier: ^0.0.4
        version: 0.0.4

packages:

  ffmpeg@0.0.4:
    resolution: {integrity: sha512-3TgWUJJlZGQn+crJFyhsO/oNeRRnGTy6GhgS98oUCIfZrOW5haPPV7DUfOm3xJcHr5q3TJpjk2GudPutrNisRA==}

  when@3.7.8:
    resolution: {integrity: sha512-5cZ7mecD3eYcMiCH4wtRPA5iFJZ50BJYDfckI5RRpQiktMiYTcn0ccLTZOvcbBume+1304fQztxeNzNS9Gvrnw==}

snapshots:

  ffmpeg@0.0.4:
    dependencies:
      when: 3.7.8

  when@3.7.8: {}
